# This file was autogenerated by Stack.
# You should not edit this file by hand.
# For more information, please see the documentation at:
#   https://docs.haskellstack.org/en/stable/lock_files

packages:
- completed:
    cabal-file:
      size: 1838
      sha256: 74c2c475a2a024a918d49d937a45ee2b607b646a5a3c469f2a972ae2f1fb905f
    name: latex-crossref
    version: 0.1.0.0
    git: git@github.com:konn/latex-crossref.git
    pantry-tree:
      size: 706
      sha256: 9d606c6ee185e1aea7370d9d20b235756f6c3ec12f97c06248f4ddba558b21d3
    commit: 79c9ac25f2bb1bfcb40f261a0ea4ffaefd295067
  original:
    git: git@github.com:konn/latex-crossref.git
    commit: 79c9ac25f2bb1bfcb40f261a0ea4ffaefd295067
snapshots:
- completed:
    size: 525663
    url: https://raw.githubusercontent.com/commercialhaskell/stackage-snapshots/master/lts/14/14.yaml
    sha256: 6edc48df46eb8bf7b861e98dd30d021a92c2e1820c9bb6528aac5d997b0e14ef
  original: lts-14.14
