# This file was autogenerated by Stack.
# You should not edit this file by hand.
# For more information, please see the documentation at:
#   https://docs.haskellstack.org/en/stable/lock_files

packages:
- completed:
    name: latex-crossref
    version: 0.1.0.0
    git: git@github.com:konn/latex-crossref.git
    pantry-tree:
      size: 706
      sha256: 9d606c6ee185e1aea7370d9d20b235756f6c3ec12f97c06248f4ddba558b21d3
    commit: 79c9ac25f2bb1bfcb40f261a0ea4ffaefd295067
  original:
    git: git@github.com:konn/latex-crossref.git
    commit: 79c9ac25f2bb1bfcb40f261a0ea4ffaefd295067
snapshots:
- completed:
    size: 617368
    url: https://raw.githubusercontent.com/commercialhaskell/stackage-snapshots/master/lts/19/3.yaml
    sha256: a209d3455279ee76eb45f01f73bbb960ceaaa8dfad8891435384689df4dcb653
  original: lts-19.3
